
Microsoft Visual Studio Solution File, Format Version 12.00
# Visual Studio Version 17
VisualStudioVersion = 17.4.33122.133
MinimumVisualStudioVersion = 10.0.40219.1
Project("{9A19103F-16F7-4668-BE54-9A1E7A4F7556}") = "Lab-0318", "Lab-0318\Lab-0318.csproj", "{0FA8CD28-9473-4F8B-AA15-C16C2AE3E211}"
EndProject
Project("{FAE04EC0-301F-11D3-BF4B-00C04F79EFBC}") = "Lab06Test", "Lab06Test\Lab06Test.csproj", "{0B4992B1-B539-4D46-BACB-9CB671A2B202}"
EndProject
Global
	GlobalSection(SolutionConfigurationPlatforms) = preSolution
		Debug|Any CPU = Debug|Any CPU
		Release|Any CPU = Release|Any CPU
	EndGlobalSection
	GlobalSection(ProjectConfigurationPlatforms) = postSolution
		{0FA8CD28-9473-4F8B-AA15-C16C2AE3E211}.Debug|Any CPU.ActiveCfg = Debug|Any CPU
		{0FA8CD28-9473-4F8B-AA15-C16C2AE3E211}.Debug|Any CPU.Build.0 = Debug|Any CPU
		{0FA8CD28-9473-4F8B-AA15-C16C2AE3E211}.Release|Any CPU.ActiveCfg = Release|Any CPU
		{0FA8CD28-9473-4F8B-AA15-C16C2AE3E211}.Release|Any CPU.Build.0 = Release|Any CPU
		{0B4992B1-B539-4D46-BACB-9CB671A2B202}.Debug|Any CPU.ActiveCfg = Debug|Any CPU
		{0B4992B1-B539-4D46-BACB-9CB671A2B202}.Debug|Any CPU.Build.0 = Debug|Any CPU
		{0B4992B1-B539-4D46-BACB-9CB671A2B202}.Release|Any CPU.ActiveCfg = Release|Any CPU
		{0B4992B1-B539-4D46-BACB-9CB671A2B202}.Release|Any CPU.Build.0 = Release|Any CPU
	EndGlobalSection
	GlobalSection(SolutionProperties) = preSolution
		HideSolutionNode = FALSE
	EndGlobalSection
	GlobalSection(ExtensibilityGlobals) = postSolution
		SolutionGuid = {9529C923-D0D2-4AEA-B88A-7B1641D1B70F}
	EndGlobalSection
EndGlobal
